
Microsoft Visual Studio Solution File, Format Version 12.00
# Visual Studio 15
VisualStudioVersion = 15.0.27004.2002
MinimumVisualStudioVersion = 10.0.40219.1
Project("{FAE04EC0-301F-11D3-BF4B-00C04F79EFBC}") = "What am I watching", "What am I watching\What am I watching.csproj", "{06C0A86C-8D21-44E9-A26C-436D8833DABC}"
EndProject
Global
	GlobalSection(SolutionConfigurationPlatforms) = preSolution
		Debug|Any CPU = Debug|Any CPU
		Release|Any CPU = Release|Any CPU
	EndGlobalSection
	GlobalSection(ProjectConfigurationPlatforms) = postSolution
		{06C0A86C-8D21-44E9-A26C-436D8833DABC}.Debug|Any CPU.ActiveCfg = Debug|Any CPU
		{06C0A86C-8D21-44E9-A26C-436D8833DABC}.Debug|Any CPU.Build.0 = Debug|Any CPU
		{06C0A86C-8D21-44E9-A26C-436D8833DABC}.Release|Any CPU.ActiveCfg = Release|Any CPU
		{06C0A86C-8D21-44E9-A26C-436D8833DABC}.Release|Any CPU.Build.0 = Release|Any CPU
	EndGlobalSection
	GlobalSection(SolutionProperties) = preSolution
		HideSolutionNode = FALSE
	EndGlobalSection
	GlobalSection(ExtensibilityGlobals) = postSolution
		SolutionGuid = {FAE90B6A-2B44-4840-9C7D-83C488110204}
	EndGlobalSection
EndGlobal
